
Microsoft Visual Studio Solution File, Format Version 12.00
# Visual Studio Version 17
VisualStudioVersion = 17.0.31903.59
MinimumVisualStudioVersion = 10.0.40219.1
Project("{2150E333-8FDC-42A3-9474-1A3956D46DE8}") = "src", "src", "{B05CCAFA-A7AC-4886-9D2E-16DDB2E6CB24}"
EndProject
Project("{FAE04EC0-301F-11D3-BF4B-00C04F79EFBC}") = "Visualization.API", "src\Visualization.API\Visualization.API.csproj", "{5943AE30-6072-41B6-A476-4D1D62AAC899}"
EndProject
Global
	GlobalSection(SolutionConfigurationPlatforms) = preSolution
		Debug|Any CPU = Debug|Any CPU
		Release|Any CPU = Release|Any CPU
	EndGlobalSection
	GlobalSection(SolutionProperties) = preSolution
		HideSolutionNode = FALSE
	EndGlobalSection
	GlobalSection(ProjectConfigurationPlatforms) = postSolution
		{5943AE30-6072-41B6-A476-4D1D62AAC899}.Debug|Any CPU.ActiveCfg = Debug|Any CPU
		{5943AE30-6072-41B6-A476-4D1D62AAC899}.Debug|Any CPU.Build.0 = Debug|Any CPU
		{5943AE30-6072-41B6-A476-4D1D62AAC899}.Release|Any CPU.ActiveCfg = Release|Any CPU
		{5943AE30-6072-41B6-A476-4D1D62AAC899}.Release|Any CPU.Build.0 = Release|Any CPU
	EndGlobalSection
	GlobalSection(NestedProjects) = preSolution
		{5943AE30-6072-41B6-A476-4D1D62AAC899} = {B05CCAFA-A7AC-4886-9D2E-16DDB2E6CB24}
	EndGlobalSection
EndGlobal
